
Microsoft Visual Studio Solution File, Format Version 12.00
# Visual Studio Version 16
VisualStudioVersion = 16.0.31112.23
MinimumVisualStudioVersion = 10.0.40219.1
Project("{2150E333-8FDC-42A3-9474-1A3956D46DE8}") = "Src", "Src", "{0B2A568D-EE41-48EF-A357-1EFD36FA4BBA}"
EndProject
Project("{2150E333-8FDC-42A3-9474-1A3956D46DE8}") = "Infrastructures", "Infrastructures", "{EA2FE3A9-9632-429A-B5F9-9FBF5C2B0F46}"
EndProject
Project("{9A19103F-16F7-4668-BE54-9A1E7A4F7556}") = "CustomerCli", "Src\Infrastructures\CustomerCli\CustomerCli.csproj", "{4284FA2E-18D8-4F88-B0BF-5A135C69EACF}"
EndProject
Project("{2150E333-8FDC-42A3-9474-1A3956D46DE8}") = "Example", "Example", "{DC167A60-3E5A-48BB-A6C1-D84AA8BE28B8}"
EndProject
Project("{9A19103F-16F7-4668-BE54-9A1E7A4F7556}") = "D.Example.TestCli", "Example\D.Example.TestCli\D.Example.TestCli.csproj", "{0638DFA4-6E24-4F94-9D17-5C1D11B20424}"
EndProject
Project("{2150E333-8FDC-42A3-9474-1A3956D46DE8}") = "Utils", "Utils", "{AAD4541A-0D95-4288-A7A9-35343E1A1FE7}"
EndProject
Project("{9A19103F-16F7-4668-BE54-9A1E7A4F7556}") = "InnerCmd", "Src\Utils\InnerCmd\InnerCmd.csproj", "{9E6C2987-0313-48B2-9CBA-90C06E9E287E}"
EndProject
Project("{2150E333-8FDC-42A3-9474-1A3956D46DE8}") = "Test", "Test", "{9FDFC3E7-B046-4015-AED8-7609F26476D5}"
EndProject
Project("{9A19103F-16F7-4668-BE54-9A1E7A4F7556}") = "Test.Utils.InnerCmd", "Test\Test.Utils.InnerCmd\Test.Utils.InnerCmd.csproj", "{25FCA2C1-2F71-4D6E-949D-2AD85ABA0AD4}"
EndProject
Project("{9A19103F-16F7-4668-BE54-9A1E7A4F7556}") = "Test.Linux", "Test\Test.Linux\Test.Linux.csproj", "{ABC6ACF5-0F47-4986-B711-A8A5309A53F5}"
EndProject
Project("{2150E333-8FDC-42A3-9474-1A3956D46DE8}") = "Tool", "Tool", "{37CB3CF2-C630-49EF-89DF-A6DC2081048C}"
EndProject
Project("{FAE04EC0-301F-11D3-BF4B-00C04F79EFBC}") = "DVersionTool", "Src\Tools\DVersionTool\DVersionTool.csproj", "{9D976BCA-77BA-4967-9B92-C2035834F4FB}"
EndProject
Global
	GlobalSection(SolutionConfigurationPlatforms) = preSolution
		Debug|Any CPU = Debug|Any CPU
		Release|Any CPU = Release|Any CPU
	EndGlobalSection
	GlobalSection(ProjectConfigurationPlatforms) = postSolution
		{4284FA2E-18D8-4F88-B0BF-5A135C69EACF}.Debug|Any CPU.ActiveCfg = Debug|Any CPU
		{4284FA2E-18D8-4F88-B0BF-5A135C69EACF}.Debug|Any CPU.Build.0 = Debug|Any CPU
		{4284FA2E-18D8-4F88-B0BF-5A135C69EACF}.Release|Any CPU.ActiveCfg = Release|Any CPU
		{4284FA2E-18D8-4F88-B0BF-5A135C69EACF}.Release|Any CPU.Build.0 = Release|Any CPU
		{0638DFA4-6E24-4F94-9D17-5C1D11B20424}.Debug|Any CPU.ActiveCfg = Debug|Any CPU
		{0638DFA4-6E24-4F94-9D17-5C1D11B20424}.Debug|Any CPU.Build.0 = Debug|Any CPU
		{0638DFA4-6E24-4F94-9D17-5C1D11B20424}.Release|Any CPU.ActiveCfg = Release|Any CPU
		{0638DFA4-6E24-4F94-9D17-5C1D11B20424}.Release|Any CPU.Build.0 = Release|Any CPU
		{9E6C2987-0313-48B2-9CBA-90C06E9E287E}.Debug|Any CPU.ActiveCfg = Debug|Any CPU
		{9E6C2987-0313-48B2-9CBA-90C06E9E287E}.Debug|Any CPU.Build.0 = Debug|Any CPU
		{9E6C2987-0313-48B2-9CBA-90C06E9E287E}.Release|Any CPU.ActiveCfg = Release|Any CPU
		{9E6C2987-0313-48B2-9CBA-90C06E9E287E}.Release|Any CPU.Build.0 = Release|Any CPU
		{25FCA2C1-2F71-4D6E-949D-2AD85ABA0AD4}.Debug|Any CPU.ActiveCfg = Debug|Any CPU
		{25FCA2C1-2F71-4D6E-949D-2AD85ABA0AD4}.Debug|Any CPU.Build.0 = Debug|Any CPU
		{25FCA2C1-2F71-4D6E-949D-2AD85ABA0AD4}.Release|Any CPU.ActiveCfg = Release|Any CPU
		{25FCA2C1-2F71-4D6E-949D-2AD85ABA0AD4}.Release|Any CPU.Build.0 = Release|Any CPU
		{ABC6ACF5-0F47-4986-B711-A8A5309A53F5}.Debug|Any CPU.ActiveCfg = Debug|Any CPU
		{ABC6ACF5-0F47-4986-B711-A8A5309A53F5}.Debug|Any CPU.Build.0 = Debug|Any CPU
		{ABC6ACF5-0F47-4986-B711-A8A5309A53F5}.Release|Any CPU.ActiveCfg = Release|Any CPU
		{ABC6ACF5-0F47-4986-B711-A8A5309A53F5}.Release|Any CPU.Build.0 = Release|Any CPU
		{9D976BCA-77BA-4967-9B92-C2035834F4FB}.Debug|Any CPU.ActiveCfg = Debug|Any CPU
		{9D976BCA-77BA-4967-9B92-C2035834F4FB}.Debug|Any CPU.Build.0 = Debug|Any CPU
		{9D976BCA-77BA-4967-9B92-C2035834F4FB}.Release|Any CPU.ActiveCfg = Release|Any CPU
		{9D976BCA-77BA-4967-9B92-C2035834F4FB}.Release|Any CPU.Build.0 = Release|Any CPU
	EndGlobalSection
	GlobalSection(SolutionProperties) = preSolution
		HideSolutionNode = FALSE
	EndGlobalSection
	GlobalSection(NestedProjects) = preSolution
		{EA2FE3A9-9632-429A-B5F9-9FBF5C2B0F46} = {0B2A568D-EE41-48EF-A357-1EFD36FA4BBA}
		{4284FA2E-18D8-4F88-B0BF-5A135C69EACF} = {EA2FE3A9-9632-429A-B5F9-9FBF5C2B0F46}
		{0638DFA4-6E24-4F94-9D17-5C1D11B20424} = {DC167A60-3E5A-48BB-A6C1-D84AA8BE28B8}
		{AAD4541A-0D95-4288-A7A9-35343E1A1FE7} = {0B2A568D-EE41-48EF-A357-1EFD36FA4BBA}
		{9E6C2987-0313-48B2-9CBA-90C06E9E287E} = {AAD4541A-0D95-4288-A7A9-35343E1A1FE7}
		{25FCA2C1-2F71-4D6E-949D-2AD85ABA0AD4} = {9FDFC3E7-B046-4015-AED8-7609F26476D5}
		{ABC6ACF5-0F47-4986-B711-A8A5309A53F5} = {9FDFC3E7-B046-4015-AED8-7609F26476D5}
		{37CB3CF2-C630-49EF-89DF-A6DC2081048C} = {0B2A568D-EE41-48EF-A357-1EFD36FA4BBA}
		{9D976BCA-77BA-4967-9B92-C2035834F4FB} = {37CB3CF2-C630-49EF-89DF-A6DC2081048C}
	EndGlobalSection
	GlobalSection(ExtensibilityGlobals) = postSolution
		SolutionGuid = {7A662D86-038F-49E5-8A4C-F1839A778260}
	EndGlobalSection
EndGlobal
